
Microsoft Visual Studio Solution File, Format Version 12.00
# Visual Studio Version 16
VisualStudioVersion = 16.0.33214.272
MinimumVisualStudioVersion = 10.0.40219.1
Project("{FAE04EC0-301F-11D3-BF4B-00C04F79EFBC}") = "PracticaFinal.NET", "PracticaFinal.NET\PracticaFinal.NET.csproj", "{20F8BA1E-788B-4008-B2A3-6364E910042C}"
EndProject
Global
	GlobalSection(SolutionConfigurationPlatforms) = preSolution
		Debug|Any CPU = Debug|Any CPU
		Release|Any CPU = Release|Any CPU
	EndGlobalSection
	GlobalSection(ProjectConfigurationPlatforms) = postSolution
		{20F8BA1E-788B-4008-B2A3-6364E910042C}.Debug|Any CPU.ActiveCfg = Debug|Any CPU
		{20F8BA1E-788B-4008-B2A3-6364E910042C}.Debug|Any CPU.Build.0 = Debug|Any CPU
		{20F8BA1E-788B-4008-B2A3-6364E910042C}.Release|Any CPU.ActiveCfg = Release|Any CPU
		{20F8BA1E-788B-4008-B2A3-6364E910042C}.Release|Any CPU.Build.0 = Release|Any CPU
	EndGlobalSection
	GlobalSection(SolutionProperties) = preSolution
		HideSolutionNode = FALSE
	EndGlobalSection
	GlobalSection(ExtensibilityGlobals) = postSolution
		SolutionGuid = {5D170652-6887-430C-BE0F-F743BA687BC9}
	EndGlobalSection
EndGlobal
